
Microsoft Visual Studio Solution File, Format Version 12.00
# Visual Studio Version 16
VisualStudioVersion = 16.0.29613.14
MinimumVisualStudioVersion = 10.0.40219.1
Project("{9A19103F-16F7-4668-BE54-9A1E7A4F7556}") = "OOPThomasLudoGame", "OOPThomasLudoGame.csproj", "{DFE2155E-F8AF-46AE-B41F-DE761E8066FF}"
EndProject
Global
	GlobalSection(SolutionConfigurationPlatforms) = preSolution
		Debug|Any CPU = Debug|Any CPU
		Release|Any CPU = Release|Any CPU
	EndGlobalSection
	GlobalSection(ProjectConfigurationPlatforms) = postSolution
		{DFE2155E-F8AF-46AE-B41F-DE761E8066FF}.Debug|Any CPU.ActiveCfg = Debug|Any CPU
		{DFE2155E-F8AF-46AE-B41F-DE761E8066FF}.Debug|Any CPU.Build.0 = Debug|Any CPU
		{DFE2155E-F8AF-46AE-B41F-DE761E8066FF}.Release|Any CPU.ActiveCfg = Release|Any CPU
		{DFE2155E-F8AF-46AE-B41F-DE761E8066FF}.Release|Any CPU.Build.0 = Release|Any CPU
	EndGlobalSection
	GlobalSection(SolutionProperties) = preSolution
		HideSolutionNode = FALSE
	EndGlobalSection
	GlobalSection(ExtensibilityGlobals) = postSolution
		SolutionGuid = {B87328A5-A6AB-4DE1-8982-D560ADF90F01}
	EndGlobalSection
EndGlobal
